
Microsoft Visual Studio Solution File, Format Version 12.00
# Visual Studio Version 17
VisualStudioVersion = 17.13.35806.99 d17.13
MinimumVisualStudioVersion = 10.0.40219.1
Project("{FAE04EC0-301F-11D3-BF4B-00C04F79EFBC}") = "Lab 2 Parte 1", "Lab 2 Parte 1\Lab 2 Parte 1.csproj", "{3252A109-8A1F-4CE5-96DC-2D27D36F9817}"
EndProject
Global
	GlobalSection(SolutionConfigurationPlatforms) = preSolution
		Debug|Any CPU = Debug|Any CPU
		Release|Any CPU = Release|Any CPU
	EndGlobalSection
	GlobalSection(ProjectConfigurationPlatforms) = postSolution
		{3252A109-8A1F-4CE5-96DC-2D27D36F9817}.Debug|Any CPU.ActiveCfg = Debug|Any CPU
		{3252A109-8A1F-4CE5-96DC-2D27D36F9817}.Debug|Any CPU.Build.0 = Debug|Any CPU
		{3252A109-8A1F-4CE5-96DC-2D27D36F9817}.Release|Any CPU.ActiveCfg = Release|Any CPU
		{3252A109-8A1F-4CE5-96DC-2D27D36F9817}.Release|Any CPU.Build.0 = Release|Any CPU
	EndGlobalSection
	GlobalSection(SolutionProperties) = preSolution
		HideSolutionNode = FALSE
	EndGlobalSection
	GlobalSection(ExtensibilityGlobals) = postSolution
		SolutionGuid = {4784D0E0-8C47-479D-8BA5-CF2FF768ECFF}
	EndGlobalSection
EndGlobal
